// !$*UTF8*$!
{
	archiveVersion = 1;
	classes = {
	};
	objectVersion = 46;
	objects = {

/* Begin PBXBuildFile section */
		BA3850D11C27F4E3007F2C9C /* main.swift in Sources */ = {isa = PBXBuildFile; fileRef = BA3850D01C27F4E3007F2C9C /* main.swift */; };
/* End PBXBuildFile section */

/* Begin PBXCopyFilesBuildPhase section */
		BA3850CB1C27F4E3007F2C9C /* CopyFiles */ = {
			isa = PBXCopyFilesBuildPhase;
			buildActionMask = 2147483647;
			dstPath = /usr/share/man/man1/;
			dstSubfolderSpec = 0;
			files = (
			);
			runOnlyForDeploymentPostprocessing = 1;
		};
/* End PBXCopyFilesBuildPhase section */

/* Begin PBXFileReference section */
		BA3850CD1C27F4E3007F2C9C /* YLSwiftLearn */ = {isa = PBXFileReference; explicitFileType = "compiled.mach-o.executable"; includeInIndex = 0; path = YLSwiftLearn; sourceTree = BUILT_PRODUCTS_DIR; };
		BA3850D01C27F4E3007F2C9C /* main.swift */ = {isa = PBXFileReference; lastKnownFileType = sourcecode.swift; path = main.swift; sourceTree = "<group>"; };
		BA3850D71C27F4F8007F2C9C /* MyPlayground.playground */ = {isa = PBXFileReference; lastKnownFileType = file.playground; path = MyPlayground.playground; sourceTree = "<group>"; };
/* End PBXFileReference section */

/* Begin PBXFrameworksBuildPhase section */
		BA3850CA1C27F4E3007F2C9C /* Frameworks */ = {
			isa = PBXFrameworksBuildPhase;
			buildActionMask = 2147483647;
			files = (
			);
			runOnlyForDeploymentPostprocessing = 0;
		};
/* End PBXFrameworksBuildPhase section */

/* Begin PBXGroup section */
		BA3850C41C27F4E3007F2C9C = {
			isa = PBXGroup;
			children = (
				BA3850CF1C27F4E3007F2C9C /* YLSwiftLearn */,
				BA3850CE1C27F4E3007F2C9C /* Products */,
			);
			sourceTree = "<group>";
		};
		BA3850CE1C27F4E3007F2C9C /* Products */ = {
			isa = PBXGroup;
			children = (
				BA3850CD1C27F4E3007F2C9C /* YLSwiftLearn */,
			);
			name = Products;
			sourceTree = "<group>";
		};
		BA3850CF1C27F4E3007F2C9C /* YLSwiftLearn */ = {
			isa = PBXGroup;
			children = (
				BA3850D01C27F4E3007F2C9C /* main.swift */,
				BA3850D71C27F4F8007F2C9C /* MyPlayground.playground */,
			);
			path = YLSwiftLearn;
			sourceTree = "<group>";
		};
/* End PBXGroup section */

/* Begin PBXNativeTarget section */
		BA3850CC1C27F4E3007F2C9C /* YLSwiftLearn */ = {
			isa = PBXNativeTarget;
			buildConfigurationList = BA3850D41C27F4E3007F2C9C /* Build configuration list for PBXNativeTarget "YLSwiftLearn" */;
			buildPhases = (
				BA3850C91C27F4E3007F2C9C /* Sources */,
				BA3850CA1C27F4E3007F2C9C /* Frameworks */,
				BA3850CB1C27F4E3007F2C9C /* CopyFiles */,
			);
			buildRules = (
			);
			dependencies = (
			);
			name = YLSwiftLearn;
			productName = YLSwiftLearn;
			productReference = BA3850CD1C27F4E3007F2C9C /* YLSwiftLearn */;
			productType = "com.apple.product-type.tool";
		};
/* End PBXNativeTarget section */

/* Begin PBXProject section */
		BA3850C51C27F4E3007F2C9C /* Project object */ = {
			isa = PBXProject;
			attributes = {
				LastSwiftUpdateCheck = 0710;
				LastUpgradeCheck = 0710;
				ORGANIZATIONNAME = xuanlin.zhu;
				TargetAttributes = {
					BA3850CC1C27F4E3007F2C9C = {
						CreatedOnToolsVersion = 7.1;
					};
				};
			};
			buildConfigurationList = BA3850C81C27F4E3007F2C9C /* Build configuration list for PBXProject "YLSwiftLearn" */;
			compatibilityVersion = "Xcode 3.2";
			developmentRegion = English;
			hasScannedForEncodings = 0;
			knownRegions = (
				en,
			);
			mainGroup = BA3850C41C27F4E3007F2C9C;
			productRefGroup = BA3850CE1C27F4E3007F2C9C /* Products */;
			projectDirPath = "";
			projectRoot = "";
			targets = (
				BA3850CC1C27F4E3007F2C9C /* YLSwiftLearn */,
			);
		};
/* End PBXProject section */

/* Begin PBXSourcesBuildPhase section */
		BA3850C91C27F4E3007F2C9C /* Sources */ = {
			isa = PBXSourcesBuildPhase;
			buildActionMask = 2147483647;
			files = (
				BA3850D11C27F4E3007F2C9C /* main.swift in Sources */,
			);
			runOnlyForDeploymentPostprocessing = 0;
		};
/* End PBXSourcesBuildPhase section */

/* Begin XCBuildConfiguration section */
		BA3850D21C27F4E3007F2C9C /* Debug */ = {
			isa = XCBuildConfiguration;
			buildSettings = {
				ALWAYS_SEARCH_USER_PATHS = NO;
				CLANG_CXX_LANGUAGE_STANDARD = "gnu++0x";
				CLANG_CXX_LIBRARY = "libc++";
				CLANG_ENABLE_MODULES = YES;
				CLANG_ENABLE_OBJC_ARC = YES;
				CLANG_WARN_BOOL_CONVERSION = YES;
				CLANG_WARN_CONSTANT_CONVERSION = YES;
				CLANG_WARN_DIRECT_OBJC_ISA_USAGE = YES_ERROR;
				CLANG_WARN_EMPTY_BODY = YES;
				CLANG_WARN_ENUM_CONVERSION = YES;
				CLANG_WARN_INT_CONVERSION = YES;
				CLANG_WARN_OBJC_ROOT_CLASS = YES_ERROR;
				CLANG_WARN_UNREACHABLE_CODE = YES;
				CLANG_WARN__DUPLICATE_METHOD_MATCH = YES;
				CODE_SIGN_IDENTITY = "-";
				COPY_PHASE_STRIP = NO;
				DEBUG_INFORMATION_FORMAT = dwarf;
				ENABLE_STRICT_OBJC_MSGSEND = YES;
				ENABLE_TESTABILITY = YES;
				GCC_C_LANGUAGE_STANDARD = gnu99;
				GCC_DYNAMIC_NO_PIC = NO;
				GCC_NO_COMMON_BLOCKS = YES;
				GCC_OPTIMIZATION_LEVEL = 0;
				GCC_PREPROCESSOR_DEFINITIONS = (
					"DEBUG=1",
					"$(inherited)",
				);
				GCC_WARN_64_TO_32_BIT_CONVERSION = YES;
				GCC_WARN_ABOUT_RETURN_TYPE = YES_ERROR;
				GCC_WARN_UNDECLARED_SELECTOR = YES;
				GCC_WARN_UNINITIALIZED_AUTOS = YES_AGGRESSIVE;
				GCC_WARN_UNUSED_FUNCTION = YES;
				GCC_WARN_UNUSED_VARIABLE = YES;
				MACOSX_DEPLOYMENT_TARGET = 10.10;
				MTL_ENABLE_DEBUG_INFO = YES;
				ONLY_ACTIVE_ARCH = YES;
				SDKROOT = macosx;
				SWIFT_OPTIMIZATION_LEVEL = "-Onone";
			};
			name = Debug;
		};
		BA3850D31C27F4E3007F2C9C /* Release */ = {
			isa = XCBuildConfiguration;
			buildSettings = {
				ALWAYS_SEARCH_USER_PATHS = NO;
				CLANG_CXX_LANGUAGE_STANDARD = "gnu++0x";
				CLANG_CXX_LIBRARY = "libc++";
				CLANG_ENABLE_MODULES = YES;
				CLANG_ENABLE_OBJC_ARC = YES;
				CLANG_WARN_BOOL_CONVERSION = YES;
				CLANG_WARN_CONSTANT_CONVERSION = YES;
				CLANG_WARN_DIRECT_OBJC_ISA_USAGE = YES_ERROR;
				CLANG_WARN_EMPTY_BODY = YES;
				CLANG_WARN_ENUM_CONVERSION = YES;
				CLANG_WARN_INT_CONVERSION = YES;
				CLANG_WARN_OBJC_ROOT_CLASS = YES_ERROR;
				CLANG_WARN_UNREACHABLE_CODE = YES;
				CLANG_WARN__DUPLICATE_METHOD_MATCH = YES;
				CODE_SIGN_IDENTITY = "-";
				COPY_PHASE_STRIP = NO;
				DEBUG_INFORMATION_FORMAT = "dwarf-with-dsym";
				ENABLE_NS_ASSERTIONS = NO;
				ENABLE_STRICT_OBJC_MSGSEND = YES;
				GCC_C_LANGUAGE_STANDARD = gnu99;
				GCC_NO_COMMON_BLOCKS = YES;
				GCC_WARN_64_TO_32_BIT_CONVERSION = YES;
				GCC_WARN_ABOUT_RETURN_TYPE = YES_ERROR;
				GCC_WARN_UNDECLARED_SELECTOR = YES;
				GCC_WARN_UNINITIALIZED_AUTOS = YES_AGGRESSIVE;
				GCC_WARN_UNUSED_FUNCTION = YES;
				GCC_WARN_UNUSED_VARIABLE = YES;
				MACOSX_DEPLOYMENT_TARGET = 10.10;
				MTL_ENABLE_DEBUG_INFO = NO;
				SDKROOT = macosx;
			};
			name = Release;
		};
		BA3850D51C27F4E3007F2C9C /* Debug */ = {
			isa = XCBuildConfiguration;
			buildSettings = {
				PRODUCT_NAME = "$(TARGET_NAME)";
			};
			name = Debug;
		};
		BA3850D61C27F4E3007F2C9C /* Release */ = {
			isa = XCBuildConfiguration;
			buildSettings = {
				PRODUCT_NAME = "$(TARGET_NAME)";
			};
			name = Release;
		};
/* End XCBuildConfiguration section */

/* Begin XCConfigurationList section */
		BA3850C81C27F4E3007F2C9C /* Build configuration list for PBXProject "YLSwiftLearn" */ = {
			isa = XCConfigurationList;
			buildConfigurations = (
				BA3850D21C27F4E3007F2C9C /* Debug */,
				BA3850D31C27F4E3007F2C9C /* Release */,
			);
			defaultConfigurationIsVisible = 0;
			defaultConfigurationName = Release;
		};
		BA3850D41C27F4E3007F2C9C /* Build configuration list for PBXNativeTarget "YLSwiftLearn" */ = {
			isa = XCConfigurationList;
			buildConfigurations = (
				BA3850D51C27F4E3007F2C9C /* Debug */,
				BA3850D61C27F4E3007F2C9C /* Release */,
			);
			defaultConfigurationIsVisible = 0;
		};
/* End XCConfigurationList section */
	};
	rootObject = BA3850C51C27F4E3007F2C9C /* Project object */;
}
